git.sr.ht/~bonbon/gmcts v1.2.1 h1:lpL0nRBZcP0HP14eEqIyMT+poSr2QEpKrO9vmnxQRH0=
git.sr.ht/~bonbon/gmcts v1.2.1/go.mod h1:W3Nnmir0ClVe2DNNTRghNt1VwATDV1Zb94PnrSpgLiU=
git.sr.ht/~bonbon/gmcts/v2 v2.0.0 h1:1pGbxqDd+Lh/F0A/SexThfzio7XLJ02uRgAvjy+gq1w=
git.sr.ht/~bonbon/gmcts/v2 v2.0.0/go.mod h1:A7FzaLAAIUSP+DHb/8rvBBLfOdGi51A5MvzMiwizKlw=
git.sr.ht/~bonbon/go-tic-tac-toe v0.2.2 h1:YnEUZuMybqGFu2uguNosoF3LCFsLrJ3pPyYI05KrhZA=
git.sr.ht/~bonbon/go-tic-tac-toe v0.2.2/go.mod h1:np1W9swZFfyLAax6aZg6Q+4766tZPLkRABmeH2J5HVE=
